// !$*UTF8*$!
{
	archiveVersion = 1;
	classes = {
	};
	objectVersion = 46;
	objects = {

/* Begin PBXBuildFile section */
		914516C61831BC9F00E13634 /* Foundation.framework in Frameworks */ = {isa = PBXBuildFile; fileRef = 914516C51831BC9F00E13634 /* Foundation.framework */; };
		914516C81831BC9F00E13634 /* CoreGraphics.framework in Frameworks */ = {isa = PBXBuildFile; fileRef = 914516C71831BC9F00E13634 /* CoreGraphics.framework */; };
		914516CA1831BC9F00E13634 /* UIKit.framework in Frameworks */ = {isa = PBXBuildFile; fileRef = 914516C91831BC9F00E13634 /* UIKit.framework */; };
		914516D01831BC9F00E13634 /* InfoPlist.strings in Resources */ = {isa = PBXBuildFile; fileRef = 914516CE1831BC9F00E13634 /* InfoPlist.strings */; };
		914516D21831BC9F00E13634 /* main.m in Sources */ = {isa = PBXBuildFile; fileRef = 914516D11831BC9F00E13634 /* main.m */; };
		914516D61831BC9F00E13634 /* AppDelegate.m in Sources */ = {isa = PBXBuildFile; fileRef = 914516D51831BC9F00E13634 /* AppDelegate.m */; };
		914516D81831BC9F00E13634 /* Images.xcassets in Resources */ = {isa = PBXBuildFile; fileRef = 914516D71831BC9F00E13634 /* Images.xcassets */; };
		914516DF1831BCA000E13634 /* XCTest.framework in Frameworks */ = {isa = PBXBuildFile; fileRef = 914516DE1831BCA000E13634 /* XCTest.framework */; };
		914516E01831BCA000E13634 /* Foundation.framework in Frameworks */ = {isa = PBXBuildFile; fileRef = 914516C51831BC9F00E13634 /* Foundation.framework */; };
		914516E11831BCA000E13634 /* UIKit.framework in Frameworks */ = {isa = PBXBuildFile; fileRef = 914516C91831BC9F00E13634 /* UIKit.framework */; };
		914516E91831BCA000E13634 /* InfoPlist.strings in Resources */ = {isa = PBXBuildFile; fileRef = 914516E71831BCA000E13634 /* InfoPlist.strings */; };
		914516EB1831BCA000E13634 /* WorkshopApp_noxibTests.m in Sources */ = {isa = PBXBuildFile; fileRef = 914516EA1831BCA000E13634 /* WorkshopApp_noxibTests.m */; };
		914517061831C9F300E13634 /* PopularMediaCell.m in Sources */ = {isa = PBXBuildFile; fileRef = 914516FF1831C9F300E13634 /* PopularMediaCell.m */; };
		914517071831C9F300E13634 /* ImageViewController.m in Sources */ = {isa = PBXBuildFile; fileRef = 914517031831C9F300E13634 /* ImageViewController.m */; };
		914517081831C9F300E13634 /* PopularMediaViewController.m in Sources */ = {isa = PBXBuildFile; fileRef = 914517051831C9F300E13634 /* PopularMediaViewController.m */; };
		9145170B1831CB3900E13634 /* MediaManager.m in Sources */ = {isa = PBXBuildFile; fileRef = 9145170A1831CB3900E13634 /* MediaManager.m */; };
		9145170F18326E3C00E13634 /* NSError+Extensions.m in Sources */ = {isa = PBXBuildFile; fileRef = 9145170E18326E3C00E13634 /* NSError+Extensions.m */; };
/* End PBXBuildFile section */

/* Begin PBXContainerItemProxy section */
		914516E21831BCA000E13634 /* PBXContainerItemProxy */ = {
			isa = PBXContainerItemProxy;
			containerPortal = 914516BA1831BC9F00E13634 /* Project object */;
			proxyType = 1;
			remoteGlobalIDString = 914516C11831BC9F00E13634;
			remoteInfo = "WorkshopApp-noxib";
		};
/* End PBXContainerItemProxy section */

/* Begin PBXFileReference section */
		914516C21831BC9F00E13634 /* WorkshopApp-noxib.app */ = {isa = PBXFileReference; explicitFileType = wrapper.application; includeInIndex = 0; path = "WorkshopApp-noxib.app"; sourceTree = BUILT_PRODUCTS_DIR; };
		914516C51831BC9F00E13634 /* Foundation.framework */ = {isa = PBXFileReference; lastKnownFileType = wrapper.framework; name = Foundation.framework; path = System/Library/Frameworks/Foundation.framework; sourceTree = SDKROOT; };
		914516C71831BC9F00E13634 /* CoreGraphics.framework */ = {isa = PBXFileReference; lastKnownFileType = wrapper.framework; name = CoreGraphics.framework; path = System/Library/Frameworks/CoreGraphics.framework; sourceTree = SDKROOT; };
		914516C91831BC9F00E13634 /* UIKit.framework */ = {isa = PBXFileReference; lastKnownFileType = wrapper.framework; name = UIKit.framework; path = System/Library/Frameworks/UIKit.framework; sourceTree = SDKROOT; };
		914516CD1831BC9F00E13634 /* WorkshopApp-noxib-Info.plist */ = {isa = PBXFileReference; lastKnownFileType = text.plist.xml; path = "WorkshopApp-noxib-Info.plist"; sourceTree = "<group>"; };
		914516CF1831BC9F00E13634 /* en */ = {isa = PBXFileReference; lastKnownFileType = text.plist.strings; name = en; path = en.lproj/InfoPlist.strings; sourceTree = "<group>"; };
		914516D11831BC9F00E13634 /* main.m */ = {isa = PBXFileReference; lastKnownFileType = sourcecode.c.objc; path = main.m; sourceTree = "<group>"; };
		914516D31831BC9F00E13634 /* WorkshopApp-noxib-Prefix.pch */ = {isa = PBXFileReference; lastKnownFileType = sourcecode.c.h; path = "WorkshopApp-noxib-Prefix.pch"; sourceTree = "<group>"; };
		914516D41831BC9F00E13634 /* AppDelegate.h */ = {isa = PBXFileReference; lastKnownFileType = sourcecode.c.h; path = AppDelegate.h; sourceTree = "<group>"; };
		914516D51831BC9F00E13634 /* AppDelegate.m */ = {isa = PBXFileReference; lastKnownFileType = sourcecode.c.objc; path = AppDelegate.m; sourceTree = "<group>"; };
		914516D71831BC9F00E13634 /* Images.xcassets */ = {isa = PBXFileReference; lastKnownFileType = folder.assetcatalog; path = Images.xcassets; sourceTree = "<group>"; };
		914516DD1831BCA000E13634 /* WorkshopApp-noxibTests.xctest */ = {isa = PBXFileReference; explicitFileType = wrapper.cfbundle; includeInIndex = 0; path = "WorkshopApp-noxibTests.xctest"; sourceTree = BUILT_PRODUCTS_DIR; };
		914516DE1831BCA000E13634 /* XCTest.framework */ = {isa = PBXFileReference; lastKnownFileType = wrapper.framework; name = XCTest.framework; path = Library/Frameworks/XCTest.framework; sourceTree = DEVELOPER_DIR; };
		914516E61831BCA000E13634 /* WorkshopApp-noxibTests-Info.plist */ = {isa = PBXFileReference; lastKnownFileType = text.plist.xml; path = "WorkshopApp-noxibTests-Info.plist"; sourceTree = "<group>"; };
		914516E81831BCA000E13634 /* en */ = {isa = PBXFileReference; lastKnownFileType = text.plist.strings; name = en; path = en.lproj/InfoPlist.strings; sourceTree = "<group>"; };
		914516EA1831BCA000E13634 /* WorkshopApp_noxibTests.m */ = {isa = PBXFileReference; lastKnownFileType = sourcecode.c.objc; path = WorkshopApp_noxibTests.m; sourceTree = "<group>"; };
		914516FE1831C9F300E13634 /* PopularMediaCell.h */ = {isa = PBXFileReference; fileEncoding = 4; lastKnownFileType = sourcecode.c.h; path = PopularMediaCell.h; sourceTree = "<group>"; };
		914516FF1831C9F300E13634 /* PopularMediaCell.m */ = {isa = PBXFileReference; fileEncoding = 4; lastKnownFileType = sourcecode.c.objc; path = PopularMediaCell.m; sourceTree = "<group>"; };
		914517021831C9F300E13634 /* ImageViewController.h */ = {isa = PBXFileReference; fileEncoding = 4; lastKnownFileType = sourcecode.c.h; path = ImageViewController.h; sourceTree = "<group>"; };
		914517031831C9F300E13634 /* ImageViewController.m */ = {isa = PBXFileReference; fileEncoding = 4; lastKnownFileType = sourcecode.c.objc; path = ImageViewController.m; sourceTree = "<group>"; };
		914517041831C9F300E13634 /* PopularMediaViewController.h */ = {isa = PBXFileReference; fileEncoding = 4; lastKnownFileType = sourcecode.c.h; path = PopularMediaViewController.h; sourceTree = "<group>"; };
		914517051831C9F300E13634 /* PopularMediaViewController.m */ = {isa = PBXFileReference; fileEncoding = 4; lastKnownFileType = sourcecode.c.objc; path = PopularMediaViewController.m; sourceTree = "<group>"; };
		914517091831CB3900E13634 /* MediaManager.h */ = {isa = PBXFileReference; fileEncoding = 4; lastKnownFileType = sourcecode.c.h; path = MediaManager.h; sourceTree = "<group>"; };
		9145170A1831CB3900E13634 /* MediaManager.m */ = {isa = PBXFileReference; fileEncoding = 4; lastKnownFileType = sourcecode.c.objc; path = MediaManager.m; sourceTree = "<group>"; };
		9145170D18326E3C00E13634 /* NSError+Extensions.h */ = {isa = PBXFileReference; fileEncoding = 4; lastKnownFileType = sourcecode.c.h; path = "NSError+Extensions.h"; sourceTree = "<group>"; };
		9145170E18326E3C00E13634 /* NSError+Extensions.m */ = {isa = PBXFileReference; fileEncoding = 4; lastKnownFileType = sourcecode.c.objc; path = "NSError+Extensions.m"; sourceTree = "<group>"; };
/* End PBXFileReference section */

/* Begin PBXFrameworksBuildPhase section */
		914516BF1831BC9F00E13634 /* Frameworks */ = {
			isa = PBXFrameworksBuildPhase;
			buildActionMask = 2147483647;
			files = (
				914516C81831BC9F00E13634 /* CoreGraphics.framework in Frameworks */,
				914516CA1831BC9F00E13634 /* UIKit.framework in Frameworks */,
				914516C61831BC9F00E13634 /* Foundation.framework in Frameworks */,
			);
			runOnlyForDeploymentPostprocessing = 0;
		};
		914516DA1831BCA000E13634 /* Frameworks */ = {
			isa = PBXFrameworksBuildPhase;
			buildActionMask = 2147483647;
			files = (
				914516DF1831BCA000E13634 /* XCTest.framework in Frameworks */,
				914516E11831BCA000E13634 /* UIKit.framework in Frameworks */,
				914516E01831BCA000E13634 /* Foundation.framework in Frameworks */,
			);
			runOnlyForDeploymentPostprocessing = 0;
		};
/* End PBXFrameworksBuildPhase section */

/* Begin PBXGroup section */
		914516B91831BC9F00E13634 = {
			isa = PBXGroup;
			children = (
				914516CB1831BC9F00E13634 /* WorkshopApp-noxib */,
				914516E41831BCA000E13634 /* WorkshopApp-noxibTests */,
				914516C41831BC9F00E13634 /* Frameworks */,
				914516C31831BC9F00E13634 /* Products */,
			);
			sourceTree = "<group>";
		};
		914516C31831BC9F00E13634 /* Products */ = {
			isa = PBXGroup;
			children = (
				914516C21831BC9F00E13634 /* WorkshopApp-noxib.app */,
				914516DD1831BCA000E13634 /* WorkshopApp-noxibTests.xctest */,
			);
			name = Products;
			sourceTree = "<group>";
		};
		914516C41831BC9F00E13634 /* Frameworks */ = {
			isa = PBXGroup;
			children = (
				914516C51831BC9F00E13634 /* Foundation.framework */,
				914516C71831BC9F00E13634 /* CoreGraphics.framework */,
				914516C91831BC9F00E13634 /* UIKit.framework */,
				914516DE1831BCA000E13634 /* XCTest.framework */,
			);
			name = Frameworks;
			sourceTree = "<group>";
		};
		914516CB1831BC9F00E13634 /* WorkshopApp-noxib */ = {
			isa = PBXGroup;
			children = (
				914516D41831BC9F00E13634 /* AppDelegate.h */,
				914516D51831BC9F00E13634 /* AppDelegate.m */,
				9145170C18326E1C00E13634 /* Categories */,
				914517011831C9F300E13634 /* ViewControllers */,
				914516FD1831C9F300E13634 /* Cells */,
				914517001831C9F300E13634 /* Server */,
				914516D71831BC9F00E13634 /* Images.xcassets */,
				914516CC1831BC9F00E13634 /* Supporting Files */,
			);
			path = "WorkshopApp-noxib";
			sourceTree = "<group>";
		};
		914516CC1831BC9F00E13634 /* Supporting Files */ = {
			isa = PBXGroup;
			children = (
				914516CD1831BC9F00E13634 /* WorkshopApp-noxib-Info.plist */,
				914516CE1831BC9F00E13634 /* InfoPlist.strings */,
				914516D11831BC9F00E13634 /* main.m */,
				914516D31831BC9F00E13634 /* WorkshopApp-noxib-Prefix.pch */,
			);
			name = "Supporting Files";
			sourceTree = "<group>";
		};
		914516E41831BCA000E13634 /* WorkshopApp-noxibTests */ = {
			isa = PBXGroup;
			children = (
				914516EA1831BCA000E13634 /* WorkshopApp_noxibTests.m */,
				914516E51831BCA000E13634 /* Supporting Files */,
			);
			path = "WorkshopApp-noxibTests";
			sourceTree = "<group>";
		};
		914516E51831BCA000E13634 /* Supporting Files */ = {
			isa = PBXGroup;
			children = (
				914516E61831BCA000E13634 /* WorkshopApp-noxibTests-Info.plist */,
				914516E71831BCA000E13634 /* InfoPlist.strings */,
			);
			name = "Supporting Files";
			sourceTree = "<group>";
		};
		914516FD1831C9F300E13634 /* Cells */ = {
			isa = PBXGroup;
			children = (
				914516FE1831C9F300E13634 /* PopularMediaCell.h */,
				914516FF1831C9F300E13634 /* PopularMediaCell.m */,
			);
			path = Cells;
			sourceTree = "<group>";
		};
		914517001831C9F300E13634 /* Server */ = {
			isa = PBXGroup;
			children = (
				914517091831CB3900E13634 /* MediaManager.h */,
				9145170A1831CB3900E13634 /* MediaManager.m */,
			);
			path = Server;
			sourceTree = "<group>";
		};
		914517011831C9F300E13634 /* ViewControllers */ = {
			isa = PBXGroup;
			children = (
				914517041831C9F300E13634 /* PopularMediaViewController.h */,
				914517051831C9F300E13634 /* PopularMediaViewController.m */,
				914517021831C9F300E13634 /* ImageViewController.h */,
				914517031831C9F300E13634 /* ImageViewController.m */,
			);
			path = ViewControllers;
			sourceTree = "<group>";
		};
		9145170C18326E1C00E13634 /* Categories */ = {
			isa = PBXGroup;
			children = (
				9145170D18326E3C00E13634 /* NSError+Extensions.h */,
				9145170E18326E3C00E13634 /* NSError+Extensions.m */,
			);
			path = Categories;
			sourceTree = "<group>";
		};
/* End PBXGroup section */

/* Begin PBXNativeTarget section */
		914516C11831BC9F00E13634 /* WorkshopApp-noxib */ = {
			isa = PBXNativeTarget;
			buildConfigurationList = 914516EE1831BCA000E13634 /* Build configuration list for PBXNativeTarget "WorkshopApp-noxib" */;
			buildPhases = (
				914516BE1831BC9F00E13634 /* Sources */,
				914516BF1831BC9F00E13634 /* Frameworks */,
				914516C01831BC9F00E13634 /* Resources */,
			);
			buildRules = (
			);
			dependencies = (
			);
			name = "WorkshopApp-noxib";
			productName = "WorkshopApp-noxib";
			productReference = 914516C21831BC9F00E13634 /* WorkshopApp-noxib.app */;
			productType = "com.apple.product-type.application";
		};
		914516DC1831BCA000E13634 /* WorkshopApp-noxibTests */ = {
			isa = PBXNativeTarget;
			buildConfigurationList = 914516F11831BCA000E13634 /* Build configuration list for PBXNativeTarget "WorkshopApp-noxibTests" */;
			buildPhases = (
				914516D91831BCA000E13634 /* Sources */,
				914516DA1831BCA000E13634 /* Frameworks */,
				914516DB1831BCA000E13634 /* Resources */,
			);
			buildRules = (
			);
			dependencies = (
				914516E31831BCA000E13634 /* PBXTargetDependency */,
			);
			name = "WorkshopApp-noxibTests";
			productName = "WorkshopApp-noxibTests";
			productReference = 914516DD1831BCA000E13634 /* WorkshopApp-noxibTests.xctest */;
			productType = "com.apple.product-type.bundle.unit-test";
		};
/* End PBXNativeTarget section */

/* Begin PBXProject section */
		914516BA1831BC9F00E13634 /* Project object */ = {
			isa = PBXProject;
			attributes = {
				LastUpgradeCheck = 0500;
				ORGANIZATIONNAME = "Alfred Hanssen";
				TargetAttributes = {
					914516DC1831BCA000E13634 = {
						TestTargetID = 914516C11831BC9F00E13634;
					};
				};
			};
			buildConfigurationList = 914516BD1831BC9F00E13634 /* Build configuration list for PBXProject "WorkshopApp-noxib" */;
			compatibilityVersion = "Xcode 3.2";
			developmentRegion = English;
			hasScannedForEncodings = 0;
			knownRegions = (
				en,
			);
			mainGroup = 914516B91831BC9F00E13634;
			productRefGroup = 914516C31831BC9F00E13634 /* Products */;
			projectDirPath = "";
			projectRoot = "";
			targets = (
				914516C11831BC9F00E13634 /* WorkshopApp-noxib */,
				914516DC1831BCA000E13634 /* WorkshopApp-noxibTests */,
			);
		};
/* End PBXProject section */

/* Begin PBXResourcesBuildPhase section */
		914516C01831BC9F00E13634 /* Resources */ = {
			isa = PBXResourcesBuildPhase;
			buildActionMask = 2147483647;
			files = (
				914516D01831BC9F00E13634 /* InfoPlist.strings in Resources */,
				914516D81831BC9F00E13634 /* Images.xcassets in Resources */,
			);
			runOnlyForDeploymentPostprocessing = 0;
		};
		914516DB1831BCA000E13634 /* Resources */ = {
			isa = PBXResourcesBuildPhase;
			buildActionMask = 2147483647;
			files = (
				914516E91831BCA000E13634 /* InfoPlist.strings in Resources */,
			);
			runOnlyForDeploymentPostprocessing = 0;
		};
/* End PBXResourcesBuildPhase section */

/* Begin PBXSourcesBuildPhase section */
		914516BE1831BC9F00E13634 /* Sources */ = {
			isa = PBXSourcesBuildPhase;
			buildActionMask = 2147483647;
			files = (
				9145170B1831CB3900E13634 /* MediaManager.m in Sources */,
				914516D61831BC9F00E13634 /* AppDelegate.m in Sources */,
				9145170F18326E3C00E13634 /* NSError+Extensions.m in Sources */,
				914516D21831BC9F00E13634 /* main.m in Sources */,
				914517081831C9F300E13634 /* PopularMediaViewController.m in Sources */,
				914517071831C9F300E13634 /* ImageViewController.m in Sources */,
				914517061831C9F300E13634 /* PopularMediaCell.m in Sources */,
			);
			runOnlyForDeploymentPostprocessing = 0;
		};
		914516D91831BCA000E13634 /* Sources */ = {
			isa = PBXSourcesBuildPhase;
			buildActionMask = 2147483647;
			files = (
				914516EB1831BCA000E13634 /* WorkshopApp_noxibTests.m in Sources */,
			);
			runOnlyForDeploymentPostprocessing = 0;
		};
/* End PBXSourcesBuildPhase section */

/* Begin PBXTargetDependency section */
		914516E31831BCA000E13634 /* PBXTargetDependency */ = {
			isa = PBXTargetDependency;
			target = 914516C11831BC9F00E13634 /* WorkshopApp-noxib */;
			targetProxy = 914516E21831BCA000E13634 /* PBXContainerItemProxy */;
		};
/* End PBXTargetDependency section */

/* Begin PBXVariantGroup section */
		914516CE1831BC9F00E13634 /* InfoPlist.strings */ = {
			isa = PBXVariantGroup;
			children = (
				914516CF1831BC9F00E13634 /* en */,
			);
			name = InfoPlist.strings;
			sourceTree = "<group>";
		};
		914516E71831BCA000E13634 /* InfoPlist.strings */ = {
			isa = PBXVariantGroup;
			children = (
				914516E81831BCA000E13634 /* en */,
			);
			name = InfoPlist.strings;
			sourceTree = "<group>";
		};
/* End PBXVariantGroup section */

/* Begin XCBuildConfiguration section */
		914516EC1831BCA000E13634 /* Debug */ = {
			isa = XCBuildConfiguration;
			buildSettings = {
				ALWAYS_SEARCH_USER_PATHS = NO;
				ARCHS = "$(ARCHS_STANDARD_INCLUDING_64_BIT)";
				CLANG_CXX_LANGUAGE_STANDARD = "gnu++0x";
				CLANG_CXX_LIBRARY = "libc++";
				CLANG_ENABLE_MODULES = YES;
				CLANG_ENABLE_OBJC_ARC = YES;
				CLANG_WARN_BOOL_CONVERSION = YES;
				CLANG_WARN_CONSTANT_CONVERSION = YES;
				CLANG_WARN_DIRECT_OBJC_ISA_USAGE = YES_ERROR;
				CLANG_WARN_EMPTY_BODY = YES;
				CLANG_WARN_ENUM_CONVERSION = YES;
				CLANG_WARN_INT_CONVERSION = YES;
				CLANG_WARN_OBJC_ROOT_CLASS = YES_ERROR;
				CLANG_WARN__DUPLICATE_METHOD_MATCH = YES;
				"CODE_SIGN_IDENTITY[sdk=iphoneos*]" = "iPhone Developer";
				COPY_PHASE_STRIP = NO;
				GCC_C_LANGUAGE_STANDARD = gnu99;
				GCC_DYNAMIC_NO_PIC = NO;
				GCC_OPTIMIZATION_LEVEL = 0;
				GCC_PREPROCESSOR_DEFINITIONS = (
					"DEBUG=1",
					"$(inherited)",
				);
				GCC_SYMBOLS_PRIVATE_EXTERN = NO;
				GCC_WARN_64_TO_32_BIT_CONVERSION = YES;
				GCC_WARN_ABOUT_RETURN_TYPE = YES_ERROR;
				GCC_WARN_UNDECLARED_SELECTOR = YES;
				GCC_WARN_UNINITIALIZED_AUTOS = YES;
				GCC_WARN_UNUSED_FUNCTION = YES;
				GCC_WARN_UNUSED_VARIABLE = YES;
				IPHONEOS_DEPLOYMENT_TARGET = 7.0;
				ONLY_ACTIVE_ARCH = YES;
				SDKROOT = iphoneos;
			};
			name = Debug;
		};
		914516ED1831BCA000E13634 /* Release */ = {
			isa = XCBuildConfiguration;
			buildSettings = {
				ALWAYS_SEARCH_USER_PATHS = NO;
				ARCHS = "$(ARCHS_STANDARD_INCLUDING_64_BIT)";
				CLANG_CXX_LANGUAGE_STANDARD = "gnu++0x";
				CLANG_CXX_LIBRARY = "libc++";
				CLANG_ENABLE_MODULES = YES;
				CLANG_ENABLE_OBJC_ARC = YES;
				CLANG_WARN_BOOL_CONVERSION = YES;
				CLANG_WARN_CONSTANT_CONVERSION = YES;
				CLANG_WARN_DIRECT_OBJC_ISA_USAGE = YES_ERROR;
				CLANG_WARN_EMPTY_BODY = YES;
				CLANG_WARN_ENUM_CONVERSION = YES;
				CLANG_WARN_INT_CONVERSION = YES;
				CLANG_WARN_OBJC_ROOT_CLASS = YES_ERROR;
				CLANG_WARN__DUPLICATE_METHOD_MATCH = YES;
				"CODE_SIGN_IDENTITY[sdk=iphoneos*]" = "iPhone Developer";
				COPY_PHASE_STRIP = YES;
				ENABLE_NS_ASSERTIONS = NO;
				GCC_C_LANGUAGE_STANDARD = gnu99;
				GCC_WARN_64_TO_32_BIT_CONVERSION = YES;
				GCC_WARN_ABOUT_RETURN_TYPE = YES_ERROR;
				GCC_WARN_UNDECLARED_SELECTOR = YES;
				GCC_WARN_UNINITIALIZED_AUTOS = YES;
				GCC_WARN_UNUSED_FUNCTION = YES;
				GCC_WARN_UNUSED_VARIABLE = YES;
				IPHONEOS_DEPLOYMENT_TARGET = 7.0;
				SDKROOT = iphoneos;
				VALIDATE_PRODUCT = YES;
			};
			name = Release;
		};
		914516EF1831BCA000E13634 /* Debug */ = {
			isa = XCBuildConfiguration;
			buildSettings = {
				ASSETCATALOG_COMPILER_APPICON_NAME = AppIcon;
				ASSETCATALOG_COMPILER_LAUNCHIMAGE_NAME = LaunchImage;
				GCC_PRECOMPILE_PREFIX_HEADER = YES;
				GCC_PREFIX_HEADER = "WorkshopApp-noxib/WorkshopApp-noxib-Prefix.pch";
				INFOPLIST_FILE = "WorkshopApp-noxib/WorkshopApp-noxib-Info.plist";
				PRODUCT_NAME = "$(TARGET_NAME)";
				WRAPPER_EXTENSION = app;
			};
			name = Debug;
		};
		914516F01831BCA000E13634 /* Release */ = {
			isa = XCBuildConfiguration;
			buildSettings = {
				ASSETCATALOG_COMPILER_APPICON_NAME = AppIcon;
				ASSETCATALOG_COMPILER_LAUNCHIMAGE_NAME = LaunchImage;
				GCC_PRECOMPILE_PREFIX_HEADER = YES;
				GCC_PREFIX_HEADER = "WorkshopApp-noxib/WorkshopApp-noxib-Prefix.pch";
				INFOPLIST_FILE = "WorkshopApp-noxib/WorkshopApp-noxib-Info.plist";
				PRODUCT_NAME = "$(TARGET_NAME)";
				WRAPPER_EXTENSION = app;
			};
			name = Release;
		};
		914516F21831BCA000E13634 /* Debug */ = {
			isa = XCBuildConfiguration;
			buildSettings = {
				ARCHS = "$(ARCHS_STANDARD_INCLUDING_64_BIT)";
				BUNDLE_LOADER = "$(BUILT_PRODUCTS_DIR)/WorkshopApp-noxib.app/WorkshopApp-noxib";
				FRAMEWORK_SEARCH_PATHS = (
					"$(SDKROOT)/Developer/Library/Frameworks",
					"$(inherited)",
					"$(DEVELOPER_FRAMEWORKS_DIR)",
				);
				GCC_PRECOMPILE_PREFIX_HEADER = YES;
				GCC_PREFIX_HEADER = "WorkshopApp-noxib/WorkshopApp-noxib-Prefix.pch";
				GCC_PREPROCESSOR_DEFINITIONS = (
					"DEBUG=1",
					"$(inherited)",
				);
				INFOPLIST_FILE = "WorkshopApp-noxibTests/WorkshopApp-noxibTests-Info.plist";
				PRODUCT_NAME = "$(TARGET_NAME)";
				TEST_HOST = "$(BUNDLE_LOADER)";
				WRAPPER_EXTENSION = xctest;
			};
			name = Debug;
		};
		914516F31831BCA000E13634 /* Release */ = {
			isa = XCBuildConfiguration;
			buildSettings = {
				ARCHS = "$(ARCHS_STANDARD_INCLUDING_64_BIT)";
				BUNDLE_LOADER = "$(BUILT_PRODUCTS_DIR)/WorkshopApp-noxib.app/WorkshopApp-noxib";
				FRAMEWORK_SEARCH_PATHS = (
					"$(SDKROOT)/Developer/Library/Frameworks",
					"$(inherited)",
					"$(DEVELOPER_FRAMEWORKS_DIR)",
				);
				GCC_PRECOMPILE_PREFIX_HEADER = YES;
				GCC_PREFIX_HEADER = "WorkshopApp-noxib/WorkshopApp-noxib-Prefix.pch";
				INFOPLIST_FILE = "WorkshopApp-noxibTests/WorkshopApp-noxibTests-Info.plist";
				PRODUCT_NAME = "$(TARGET_NAME)";
				TEST_HOST = "$(BUNDLE_LOADER)";
				WRAPPER_EXTENSION = xctest;
			};
			name = Release;
		};
/* End XCBuildConfiguration section */

/* Begin XCConfigurationList section */
		914516BD1831BC9F00E13634 /* Build configuration list for PBXProject "WorkshopApp-noxib" */ = {
			isa = XCConfigurationList;
			buildConfigurations = (
				914516EC1831BCA000E13634 /* Debug */,
				914516ED1831BCA000E13634 /* Release */,
			);
			defaultConfigurationIsVisible = 0;
			defaultConfigurationName = Release;
		};
		914516EE1831BCA000E13634 /* Build configuration list for PBXNativeTarget "WorkshopApp-noxib" */ = {
			isa = XCConfigurationList;
			buildConfigurations = (
				914516EF1831BCA000E13634 /* Debug */,
				914516F01831BCA000E13634 /* Release */,
			);
			defaultConfigurationIsVisible = 0;
		};
		914516F11831BCA000E13634 /* Build configuration list for PBXNativeTarget "WorkshopApp-noxibTests" */ = {
			isa = XCConfigurationList;
			buildConfigurations = (
				914516F21831BCA000E13634 /* Debug */,
				914516F31831BCA000E13634 /* Release */,
			);
			defaultConfigurationIsVisible = 0;
		};
/* End XCConfigurationList section */
	};
	rootObject = 914516BA1831BC9F00E13634 /* Project object */;
}
